Microsoft Visual Studio Solution File, Format Version 12.00
# Visual Studio Version 17
VisualStudioVersion = 17.5.2.0
MinimumVisualStudioVersion = 10.0.40219.1
Project("{2150E333-8FDC-42A3-9474-1A3956D46DE8}") = "packages", "packages", "{809F86A1-1C4C-B159-0CD4-DF9D33D876CE}"
EndProject
Project("{FAE04EC0-301F-11D3-BF4B-00C04F79EFBC}") = "DotNetHelloWorld", "packages\app\DotNetHelloWorld.csproj", "{C9D4B055-A245-9AF8-F2AD-B191021BD713}"
EndProject
Global
	GlobalSection(SolutionConfigurationPlatforms) = preSolution
		Debug|Any CPU = Debug|Any CPU
		Release|Any CPU = Release|Any CPU
	EndGlobalSection
	GlobalSection(ProjectConfigurationPlatforms) = postSolution
		{C9D4B055-A245-9AF8-F2AD-B191021BD713}.Debug|Any CPU.ActiveCfg = Debug|Any CPU
		{C9D4B055-A245-9AF8-F2AD-B191021BD713}.Debug|Any CPU.Build.0 = Debug|Any CPU
		{C9D4B055-A245-9AF8-F2AD-B191021BD713}.Release|Any CPU.ActiveCfg = Release|Any CPU
		{C9D4B055-A245-9AF8-F2AD-B191021BD713}.Release|Any CPU.Build.0 = Release|Any CPU
	EndGlobalSection
	GlobalSection(SolutionProperties) = preSolution
		HideSolutionNode = FALSE
	EndGlobalSection
	GlobalSection(NestedProjects) = preSolution
		{C9D4B055-A245-9AF8-F2AD-B191021BD713} = {809F86A1-1C4C-B159-0CD4-DF9D33D876CE}
	EndGlobalSection
	GlobalSection(ExtensibilityGlobals) = postSolution
		SolutionGuid = {B378C06E-45D7-4F94-A3A0-D57206C95EF4}
	EndGlobalSection
EndGlobal
